// !$*UTF8*$!
{
	archiveVersion = 1;
	classes = {
	};
	objectVersion = 51;
	objects = {

/* Begin PBXBuildFile section */
		3330DE6A242DE1BA00187B96 /* SceneDelegate.swift in Sources */ = {isa = PBXBuildFile; fileRef = 3330DE61242DE1B700187B96 /* SceneDelegate.swift */; };
		3330DE72242DF41000187B96 /* AppDelegate.swift in Sources */ = {isa = PBXBuildFile; fileRef = 3330DE71242DF41000187B96 /* AppDelegate.swift */; };
		333CC2C22429BDBB00DD9734 /* ShipView.swift in Sources */ = {isa = PBXBuildFile; fileRef = 333CC2C12429BDBB00DD9734 /* ShipView.swift */; };
		333CC2C42429BDC000DD9734 /* Assets.xcassets in Resources */ = {isa = PBXBuildFile; fileRef = 333CC2C32429BDC000DD9734 /* Assets.xcassets */; };
		333CC2C72429BDC000DD9734 /* Preview Assets.xcassets in Resources */ = {isa = PBXBuildFile; fileRef = 333CC2C62429BDC000DD9734 /* Preview Assets.xcassets */; };
		333CC2CA2429BDC000DD9734 /* LaunchScreen.storyboard in Resources */ = {isa = PBXBuildFile; fileRef = 333CC2C82429BDC000DD9734 /* LaunchScreen.storyboard */; };
		333CC2D42429BE8E00DD9734 /* GoogleService-Info.plist in Resources */ = {isa = PBXBuildFile; fileRef = 333CC2D32429BE8E00DD9734 /* GoogleService-Info.plist */; };
		50ECE7C7CF15C92E4B75C8C3 /* Pods_ShipApp.framework in Frameworks */ = {isa = PBXBuildFile; fileRef = 7F387258397A6D3D14314287 /* Pods_ShipApp.framework */; };
/* End PBXBuildFile section */

/* Begin PBXFileReference section */
		3330DE61242DE1B700187B96 /* SceneDelegate.swift */ = {isa = PBXFileReference; fileEncoding = 4; lastKnownFileType = sourcecode.swift; path = SceneDelegate.swift; sourceTree = "<group>"; };
		3330DE71242DF41000187B96 /* AppDelegate.swift */ = {isa = PBXFileReference; fileEncoding = 4; lastKnownFileType = sourcecode.swift; path = AppDelegate.swift; sourceTree = "<group>"; };
		333CC2BA2429BDBB00DD9734 /* ShipApp.app */ = {isa = PBXFileReference; explicitFileType = wrapper.application; includeInIndex = 0; path = ShipApp.app; sourceTree = BUILT_PRODUCTS_DIR; };
		333CC2C12429BDBB00DD9734 /* ShipView.swift */ = {isa = PBXFileReference; lastKnownFileType = sourcecode.swift; path = ShipView.swift; sourceTree = "<group>"; };
		333CC2C32429BDC000DD9734 /* Assets.xcassets */ = {isa = PBXFileReference; lastKnownFileType = folder.assetcatalog; path = Assets.xcassets; sourceTree = "<group>"; };
		333CC2C62429BDC000DD9734 /* Preview Assets.xcassets */ = {isa = PBXFileReference; lastKnownFileType = folder.assetcatalog; path = "Preview Assets.xcassets"; sourceTree = "<group>"; };
		333CC2C92429BDC000DD9734 /* Base */ = {isa = PBXFileReference; lastKnownFileType = file.storyboard; name = Base; path = Base.lproj/LaunchScreen.storyboard; sourceTree = "<group>"; };
		333CC2CB2429BDC000DD9734 /* Info.plist */ = {isa = PBXFileReference; lastKnownFileType = text.plist.xml; path = Info.plist; sourceTree = "<group>"; };
		333CC2D32429BE8E00DD9734 /* GoogleService-Info.plist */ = {isa = PBXFileReference; fileEncoding = 4; lastKnownFileType = text.plist.xml; name = "GoogleService-Info.plist"; path = "../../../Downloads/GoogleService-Info.plist"; sourceTree = "<group>"; };
		7F387258397A6D3D14314287 /* Pods_ShipApp.framework */ = {isa = PBXFileReference; explicitFileType = wrapper.framework; includeInIndex = 0; path = Pods_ShipApp.framework; sourceTree = BUILT_PRODUCTS_DIR; };
		86774223B56276966EB60CB5 /* Pods-ShipApp.release.xcconfig */ = {isa = PBXFileReference; includeInIndex = 1; lastKnownFileType = text.xcconfig; name = "Pods-ShipApp.release.xcconfig"; path = "Target Support Files/Pods-ShipApp/Pods-ShipApp.release.xcconfig"; sourceTree = "<group>"; };
		C531D14A36C1FFF1917BD4F6 /* Pods-ShipApp.debug.xcconfig */ = {isa = PBXFileReference; includeInIndex = 1; lastKnownFileType = text.xcconfig; name = "Pods-ShipApp.debug.xcconfig"; path = "Target Support Files/Pods-ShipApp/Pods-ShipApp.debug.xcconfig"; sourceTree = "<group>"; };
/* End PBXFileReference section */

/* Begin PBXFrameworksBuildPhase section */
		333CC2B72429BDBB00DD9734 /* Frameworks */ = {
			isa = PBXFrameworksBuildPhase;
			buildActionMask = 2147483647;
			files = (
				50ECE7C7CF15C92E4B75C8C3 /* Pods_ShipApp.framework in Frameworks */,
			);
			runOnlyForDeploymentPostprocessing = 0;
		};
/* End PBXFrameworksBuildPhase section */

/* Begin PBXGroup section */
		333CC2B12429BDBB00DD9734 = {
			isa = PBXGroup;
			children = (
				333CC2BC2429BDBB00DD9734 /* ShipApp */,
				333CC2BB2429BDBB00DD9734 /* Products */,
				A1A87239C4329041AC018BB4 /* Pods */,
				5EA589FA9BAB10AC64DA85D8 /* Frameworks */,
			);
			sourceTree = "<group>";
		};
		333CC2BB2429BDBB00DD9734 /* Products */ = {
			isa = PBXGroup;
			children = (
				333CC2BA2429BDBB00DD9734 /* ShipApp.app */,
			);
			name = Products;
			sourceTree = "<group>";
		};
		333CC2BC2429BDBB00DD9734 /* ShipApp */ = {
			isa = PBXGroup;
			children = (
				3330DE71242DF41000187B96 /* AppDelegate.swift */,
				3330DE61242DE1B700187B96 /* SceneDelegate.swift */,
				333CC2C12429BDBB00DD9734 /* ShipView.swift */,
				333CC2C32429BDC000DD9734 /* Assets.xcassets */,
				333CC2C82429BDC000DD9734 /* LaunchScreen.storyboard */,
				333CC2CB2429BDC000DD9734 /* Info.plist */,
				333CC2D32429BE8E00DD9734 /* GoogleService-Info.plist */,
				333CC2C52429BDC000DD9734 /* Preview Content */,
			);
			path = ShipApp;
			sourceTree = "<group>";
		};
		333CC2C52429BDC000DD9734 /* Preview Content */ = {
			isa = PBXGroup;
			children = (
				333CC2C62429BDC000DD9734 /* Preview Assets.xcassets */,
			);
			path = "Preview Content";
			sourceTree = "<group>";
		};
		5EA589FA9BAB10AC64DA85D8 /* Frameworks */ = {
			isa = PBXGroup;
			children = (
				7F387258397A6D3D14314287 /* Pods_ShipApp.framework */,
			);
			name = Frameworks;
			sourceTree = "<group>";
		};
		A1A87239C4329041AC018BB4 /* Pods */ = {
			isa = PBXGroup;
			children = (
				C531D14A36C1FFF1917BD4F6 /* Pods-ShipApp.debug.xcconfig */,
				86774223B56276966EB60CB5 /* Pods-ShipApp.release.xcconfig */,
			);
			path = Pods;
			sourceTree = "<group>";
		};
/* End PBXGroup section */

/* Begin PBXNativeTarget section */
		333CC2B92429BDBB00DD9734 /* ShipApp */ = {
			isa = PBXNativeTarget;
			buildConfigurationList = 333CC2CE2429BDC000DD9734 /* Build configuration list for PBXNativeTarget "ShipApp" */;
			buildPhases = (
				431055DD7290B6F398161B21 /* [CP] Check Pods Manifest.lock */,
				333CC2B62429BDBB00DD9734 /* Sources */,
				333CC2B72429BDBB00DD9734 /* Frameworks */,
				333CC2B82429BDBB00DD9734 /* Resources */,
				C71AAE462E8650D937434B19 /* [CP] Embed Pods Frameworks */,
			);
			buildRules = (
			);
			dependencies = (
			);
			name = ShipApp;
			productName = ShipApp;
			productReference = 333CC2BA2429BDBB00DD9734 /* ShipApp.app */;
			productType = "com.apple.product-type.application";
		};
/* End PBXNativeTarget section */

/* Begin PBXProject section */
		333CC2B22429BDBB00DD9734 /* Project object */ = {
			isa = PBXProject;
			attributes = {
				LastSwiftUpdateCheck = 1130;
				LastUpgradeCheck = 1130;
				ORGANIZATIONNAME = User24;
				TargetAttributes = {
					333CC2B92429BDBB00DD9734 = {
						CreatedOnToolsVersion = 11.3.1;
					};
				};
			};
			buildConfigurationList = 333CC2B52429BDBB00DD9734 /* Build configuration list for PBXProject "ShipApp" */;
			compatibilityVersion = "Xcode 9.3";
			developmentRegion = en;
			hasScannedForEncodings = 0;
			knownRegions = (
				en,
				Base,
			);
			mainGroup = 333CC2B12429BDBB00DD9734;
			productRefGroup = 333CC2BB2429BDBB00DD9734 /* Products */;
			projectDirPath = "";
			projectRoot = "";
			targets = (
				333CC2B92429BDBB00DD9734 /* ShipApp */,
			);
		};
/* End PBXProject section */

/* Begin PBXResourcesBuildPhase section */
		333CC2B82429BDBB00DD9734 /* Resources */ = {
			isa = PBXResourcesBuildPhase;
			buildActionMask = 2147483647;
			files = (
				333CC2CA2429BDC000DD9734 /* LaunchScreen.storyboard in Resources */,
				333CC2D42429BE8E00DD9734 /* GoogleService-Info.plist in Resources */,
				333CC2C72429BDC000DD9734 /* Preview Assets.xcassets in Resources */,
				333CC2C42429BDC000DD9734 /* Assets.xcassets in Resources */,
			);
			runOnlyForDeploymentPostprocessing = 0;
		};
/* End PBXResourcesBuildPhase section */

/* Begin PBXShellScriptBuildPhase section */
		431055DD7290B6F398161B21 /* [CP] Check Pods Manifest.lock */ = {
			isa = PBXShellScriptBuildPhase;
			buildActionMask = 2147483647;
			files = (
			);
			inputFileListPaths = (
			);
			inputPaths = (
				"${PODS_PODFILE_DIR_PATH}/Podfile.lock",
				"${PODS_ROOT}/Manifest.lock",
			);
			name = "[CP] Check Pods Manifest.lock";
			outputFileListPaths = (
			);
			outputPaths = (
				"$(DERIVED_FILE_DIR)/Pods-ShipApp-checkManifestLockResult.txt",
			);
			runOnlyForDeploymentPostprocessing = 0;
			shellPath = /bin/sh;
			shellScript = "diff \"${PODS_PODFILE_DIR_PATH}/Podfile.lock\" \"${PODS_ROOT}/Manifest.lock\" > /dev/null\nif [ $? != 0 ] ; then\n    # print error to STDERR\n    echo \"error: The sandbox is not in sync with the Podfile.lock. Run 'pod install' or update your CocoaPods installation.\" >&2\n    exit 1\nfi\n# This output is used by Xcode 'outputs' to avoid re-running this script phase.\necho \"SUCCESS\" > \"${SCRIPT_OUTPUT_FILE_0}\"\n";
			showEnvVarsInLog = 0;
		};
		C71AAE462E8650D937434B19 /* [CP] Embed Pods Frameworks */ = {
			isa = PBXShellScriptBuildPhase;
			buildActionMask = 2147483647;
			files = (
			);
			inputFileListPaths = (
				"${PODS_ROOT}/Target Support Files/Pods-ShipApp/Pods-ShipApp-frameworks-${CONFIGURATION}-input-files.xcfilelist",
			);
			name = "[CP] Embed Pods Frameworks";
			outputFileListPaths = (
				"${PODS_ROOT}/Target Support Files/Pods-ShipApp/Pods-ShipApp-frameworks-${CONFIGURATION}-output-files.xcfilelist",
			);
			runOnlyForDeploymentPostprocessing = 0;
			shellPath = /bin/sh;
			shellScript = "\"${PODS_ROOT}/Target Support Files/Pods-ShipApp/Pods-ShipApp-frameworks.sh\"\n";
			showEnvVarsInLog = 0;
		};
/* End PBXShellScriptBuildPhase section */

/* Begin PBXSourcesBuildPhase section */
		333CC2B62429BDBB00DD9734 /* Sources */ = {
			isa = PBXSourcesBuildPhase;
			buildActionMask = 2147483647;
			files = (
				3330DE72242DF41000187B96 /* AppDelegate.swift in Sources */,
				3330DE6A242DE1BA00187B96 /* SceneDelegate.swift in Sources */,
				333CC2C22429BDBB00DD9734 /* ShipView.swift in Sources */,
			);
			runOnlyForDeploymentPostprocessing = 0;
		};
/* End PBXSourcesBuildPhase section */

/* Begin PBXVariantGroup section */
		333CC2C82429BDC000DD9734 /* LaunchScreen.storyboard */ = {
			isa = PBXVariantGroup;
			children = (
				333CC2C92429BDC000DD9734 /* Base */,
			);
			name = LaunchScreen.storyboard;
			sourceTree = "<group>";
		};
/* End PBXVariantGroup section */

/* Begin XCBuildConfiguration section */
		333CC2CC2429BDC000DD9734 /* Debug */ = {
			isa = XCBuildConfiguration;
			buildSettings = {
				ALWAYS_SEARCH_USER_PATHS = NO;
				CLANG_ANALYZER_NONNULL = YES;
				CLANG_ANALYZER_NUMBER_OBJECT_CONVERSION = YES_AGGRESSIVE;
				CLANG_CXX_LANGUAGE_STANDARD = "gnu++14";
				CLANG_CXX_LIBRARY = "libc++";
				CLANG_ENABLE_MODULES = YES;
				CLANG_ENABLE_OBJC_ARC = YES;
				CLANG_ENABLE_OBJC_WEAK = YES;
				CLANG_WARN_BLOCK_CAPTURE_AUTORELEASING = YES;
				CLANG_WARN_BOOL_CONVERSION = YES;
				CLANG_WARN_COMMA = YES;
				CLANG_WARN_CONSTANT_CONVERSION = YES;
				CLANG_WARN_DEPRECATED_OBJC_IMPLEMENTATIONS = YES;
				CLANG_WARN_DIRECT_OBJC_ISA_USAGE = YES_ERROR;
				CLANG_WARN_DOCUMENTATION_COMMENTS = YES;
				CLANG_WARN_EMPTY_BODY = YES;
				CLANG_WARN_ENUM_CONVERSION = YES;
				CLANG_WARN_INFINITE_RECURSION = YES;
				CLANG_WARN_INT_CONVERSION = YES;
				CLANG_WARN_NON_LITERAL_NULL_CONVERSION = YES;
				CLANG_WARN_OBJC_IMPLICIT_RETAIN_SELF = YES;
				CLANG_WARN_OBJC_LITERAL_CONVERSION = YES;
				CLANG_WARN_OBJC_ROOT_CLASS = YES_ERROR;
				CLANG_WARN_RANGE_LOOP_ANALYSIS = YES;
				CLANG_WARN_STRICT_PROTOTYPES = YES;
				CLANG_WARN_SUSPICIOUS_MOVE = YES;
				CLANG_WARN_UNGUARDED_AVAILABILITY = YES_AGGRESSIVE;
				CLANG_WARN_UNREACHABLE_CODE = YES;
				CLANG_WARN__DUPLICATE_METHOD_MATCH = YES;
				COPY_PHASE_STRIP = NO;
				DEBUG_INFORMATION_FORMAT = dwarf;
				ENABLE_STRICT_OBJC_MSGSEND = YES;
				ENABLE_TESTABILITY = YES;
				GCC_C_LANGUAGE_STANDARD = gnu11;
				GCC_DYNAMIC_NO_PIC = NO;
				GCC_NO_COMMON_BLOCKS = YES;
				GCC_OPTIMIZATION_LEVEL = 0;
				GCC_PREPROCESSOR_DEFINITIONS = (
					"DEBUG=1",
					"$(inherited)",
				);
				GCC_WARN_64_TO_32_BIT_CONVERSION = YES;
				GCC_WARN_ABOUT_RETURN_TYPE = YES_ERROR;
				GCC_WARN_UNDECLARED_SELECTOR = YES;
				GCC_WARN_UNINITIALIZED_AUTOS = YES_AGGRESSIVE;
				GCC_WARN_UNUSED_FUNCTION = YES;
				GCC_WARN_UNUSED_VARIABLE = YES;
				IPHONEOS_DEPLOYMENT_TARGET = 13.2;
				MTL_ENABLE_DEBUG_INFO = INCLUDE_SOURCE;
				MTL_FAST_MATH = YES;
				ONLY_ACTIVE_ARCH = YES;
				SDKROOT = iphoneos;
				SWIFT_ACTIVE_COMPILATION_CONDITIONS = DEBUG;
				SWIFT_OPTIMIZATION_LEVEL = "-Onone";
			};
			name = Debug;
		};
		333CC2CD2429BDC000DD9734 /* Release */ = {
			isa = XCBuildConfiguration;
			buildSettings = {
				ALWAYS_SEARCH_USER_PATHS = NO;
				CLANG_ANALYZER_NONNULL = YES;
				CLANG_ANALYZER_NUMBER_OBJECT_CONVERSION = YES_AGGRESSIVE;
				CLANG_CXX_LANGUAGE_STANDARD = "gnu++14";
				CLANG_CXX_LIBRARY = "libc++";
				CLANG_ENABLE_MODULES = YES;
				CLANG_ENABLE_OBJC_ARC = YES;
				CLANG_ENABLE_OBJC_WEAK = YES;
				CLANG_WARN_BLOCK_CAPTURE_AUTORELEASING = YES;
				CLANG_WARN_BOOL_CONVERSION = YES;
				CLANG_WARN_COMMA = YES;
				CLANG_WARN_CONSTANT_CONVERSION = YES;
				CLANG_WARN_DEPRECATED_OBJC_IMPLEMENTATIONS = YES;
				CLANG_WARN_DIRECT_OBJC_ISA_USAGE = YES_ERROR;
				CLANG_WARN_DOCUMENTATION_COMMENTS = YES;
				CLANG_WARN_EMPTY_BODY = YES;
				CLANG_WARN_ENUM_CONVERSION = YES;
				CLANG_WARN_INFINITE_RECURSION = YES;
				CLANG_WARN_INT_CONVERSION = YES;
				CLANG_WARN_NON_LITERAL_NULL_CONVERSION = YES;
				CLANG_WARN_OBJC_IMPLICIT_RETAIN_SELF = YES;
				CLANG_WARN_OBJC_LITERAL_CONVERSION = YES;
				CLANG_WARN_OBJC_ROOT_CLASS = YES_ERROR;
				CLANG_WARN_RANGE_LOOP_ANALYSIS = YES;
				CLANG_WARN_STRICT_PROTOTYPES = YES;
				CLANG_WARN_SUSPICIOUS_MOVE = YES;
				CLANG_WARN_UNGUARDED_AVAILABILITY = YES_AGGRESSIVE;
				CLANG_WARN_UNREACHABLE_CODE = YES;
				CLANG_WARN__DUPLICATE_METHOD_MATCH = YES;
				COPY_PHASE_STRIP = NO;
				DEBUG_INFORMATION_FORMAT = "dwarf-with-dsym";
				ENABLE_NS_ASSERTIONS = NO;
				ENABLE_STRICT_OBJC_MSGSEND = YES;
				GCC_C_LANGUAGE_STANDARD = gnu11;
				GCC_NO_COMMON_BLOCKS = YES;
				GCC_WARN_64_TO_32_BIT_CONVERSION = YES;
				GCC_WARN_ABOUT_RETURN_TYPE = YES_ERROR;
				GCC_WARN_UNDECLARED_SELECTOR = YES;
				GCC_WARN_UNINITIALIZED_AUTOS = YES_AGGRESSIVE;
				GCC_WARN_UNUSED_FUNCTION = YES;
				GCC_WARN_UNUSED_VARIABLE = YES;
				IPHONEOS_DEPLOYMENT_TARGET = 13.2;
				MTL_ENABLE_DEBUG_INFO = NO;
				MTL_FAST_MATH = YES;
				SDKROOT = iphoneos;
				SWIFT_COMPILATION_MODE = wholemodule;
				SWIFT_OPTIMIZATION_LEVEL = "-O";
				VALIDATE_PRODUCT = YES;
			};
			name = Release;
		};
		333CC2CF2429BDC000DD9734 /* Debug */ = {
			isa = XCBuildConfiguration;
			baseConfigurationReference = C531D14A36C1FFF1917BD4F6 /* Pods-ShipApp.debug.xcconfig */;
			buildSettings = {
				ASSETCATALOG_COMPILER_APPICON_NAME = AppIcon;
				CODE_SIGN_STYLE = Automatic;
				DEVELOPMENT_ASSET_PATHS = "\"ShipApp/Preview Content\"";
				ENABLE_PREVIEWS = YES;
				INFOPLIST_FILE = ShipApp/Info.plist;
				LD_RUNPATH_SEARCH_PATHS = (
					"$(inherited)",
					"@executable_path/Frameworks",
				);
				PRODUCT_BUNDLE_IDENTIFIER = "-0657008.ShipApp";
				PRODUCT_NAME = "$(TARGET_NAME)";
				SWIFT_VERSION = 5.0;
				TARGETED_DEVICE_FAMILY = "1,2";
			};
			name = Debug;
		};
		333CC2D02429BDC000DD9734 /* Release */ = {
			isa = XCBuildConfiguration;
			baseConfigurationReference = 86774223B56276966EB60CB5 /* Pods-ShipApp.release.xcconfig */;
			buildSettings = {
				ASSETCATALOG_COMPILER_APPICON_NAME = AppIcon;
				CODE_SIGN_STYLE = Automatic;
				DEVELOPMENT_ASSET_PATHS = "\"ShipApp/Preview Content\"";
				ENABLE_PREVIEWS = YES;
				INFOPLIST_FILE = ShipApp/Info.plist;
				LD_RUNPATH_SEARCH_PATHS = (
					"$(inherited)",
					"@executable_path/Frameworks",
				);
				PRODUCT_BUNDLE_IDENTIFIER = "-0657008.ShipApp";
				PRODUCT_NAME = "$(TARGET_NAME)";
				SWIFT_VERSION = 5.0;
				TARGETED_DEVICE_FAMILY = "1,2";
			};
			name = Release;
		};
/* End XCBuildConfiguration section */

/* Begin XCConfigurationList section */
		333CC2B52429BDBB00DD9734 /* Build configuration list for PBXProject "ShipApp" */ = {
			isa = XCConfigurationList;
			buildConfigurations = (
				333CC2CC2429BDC000DD9734 /* Debug */,
				333CC2CD2429BDC000DD9734 /* Release */,
			);
			defaultConfigurationIsVisible = 0;
			defaultConfigurationName = Release;
		};
		333CC2CE2429BDC000DD9734 /* Build configuration list for PBXNativeTarget "ShipApp" */ = {
			isa = XCConfigurationList;
			buildConfigurations = (
				333CC2CF2429BDC000DD9734 /* Debug */,
				333CC2D02429BDC000DD9734 /* Release */,
			);
			defaultConfigurationIsVisible = 0;
			defaultConfigurationName = Release;
		};
/* End XCConfigurationList section */
	};
	rootObject = 333CC2B22429BDBB00DD9734 /* Project object */;
}
